
Microsoft Visual Studio Solution File, Format Version 12.00
# Visual Studio Version 17
VisualStudioVersion = 17.2.32526.322
MinimumVisualStudioVersion = 10.0.40219.1
Project("{FAE04EC0-301F-11D3-BF4B-00C04F79EFBC}") = "Sofrecom.Crm.Console", "Sofrecom.Crm.Console\Sofrecom.Crm.Console.csproj", "{F48472BF-6414-4106-994A-846046B7A851}"
EndProject
Project("{FAE04EC0-301F-11D3-BF4B-00C04F79EFBC}") = "Sofrecom.Crm.BusinessLogicLayer", "Sofrecom.Crm.BusinessLogicLayer\Sofrecom.Crm.BusinessLogicLayer.csproj", "{15176676-DD53-4F08-B90A-45EDAB16DB65}"
EndProject
Project("{FAE04EC0-301F-11D3-BF4B-00C04F79EFBC}") = "Sofrecom.Crm.DataAccessLayer", "Sofrecom.Crm.DataAccessLayer\Sofrecom.Crm.DataAccessLayer.csproj", "{7C7F2150-936B-418B-B7A3-AAF91589A997}"
EndProject
Global
	GlobalSection(SolutionConfigurationPlatforms) = preSolution
		Debug|Any CPU = Debug|Any CPU
		Release|Any CPU = Release|Any CPU
	EndGlobalSection
	GlobalSection(ProjectConfigurationPlatforms) = postSolution
		{F48472BF-6414-4106-994A-846046B7A851}.Debug|Any CPU.ActiveCfg = Debug|Any CPU
		{F48472BF-6414-4106-994A-846046B7A851}.Debug|Any CPU.Build.0 = Debug|Any CPU
		{F48472BF-6414-4106-994A-846046B7A851}.Release|Any CPU.ActiveCfg = Release|Any CPU
		{F48472BF-6414-4106-994A-846046B7A851}.Release|Any CPU.Build.0 = Release|Any CPU
		{15176676-DD53-4F08-B90A-45EDAB16DB65}.Debug|Any CPU.ActiveCfg = Debug|Any CPU
		{15176676-DD53-4F08-B90A-45EDAB16DB65}.Debug|Any CPU.Build.0 = Debug|Any CPU
		{15176676-DD53-4F08-B90A-45EDAB16DB65}.Release|Any CPU.ActiveCfg = Release|Any CPU
		{15176676-DD53-4F08-B90A-45EDAB16DB65}.Release|Any CPU.Build.0 = Release|Any CPU
		{7C7F2150-936B-418B-B7A3-AAF91589A997}.Debug|Any CPU.ActiveCfg = Debug|Any CPU
		{7C7F2150-936B-418B-B7A3-AAF91589A997}.Debug|Any CPU.Build.0 = Debug|Any CPU
		{7C7F2150-936B-418B-B7A3-AAF91589A997}.Release|Any CPU.ActiveCfg = Release|Any CPU
		{7C7F2150-936B-418B-B7A3-AAF91589A997}.Release|Any CPU.Build.0 = Release|Any CPU
	EndGlobalSection
	GlobalSection(SolutionProperties) = preSolution
		HideSolutionNode = FALSE
	EndGlobalSection
	GlobalSection(ExtensibilityGlobals) = postSolution
		SolutionGuid = {87B6118D-D306-4813-85AD-14713706E76A}
	EndGlobalSection
EndGlobal
